// !$*UTF8*$!
{
	archiveVersion = 1;
	classes = {
	};
	objectVersion = 46;
	objects = {

/* Begin PBXBuildFile section */
		13E3C6067E67879384DE6848 /* Pods.framework in Frameworks */ = {isa = PBXBuildFile; fileRef = 00C4EBFF30397D355DEC9C25 /* Pods.framework */; settings = {ATTRIBUTES = (Weak, ); }; };
		1A63AD281B6D672900B76C84 /* graphsymptoms.json in Resources */ = {isa = PBXBuildFile; fileRef = 1A63AD271B6D672900B76C84 /* graphsymptoms.json */; };
		1A84AB841B6ED8A8000861A5 /* graphsymptoms2.json in Resources */ = {isa = PBXBuildFile; fileRef = 1A84AB831B6ED8A8000861A5 /* graphsymptoms2.json */; };
		1AF092301B6DA043004431FA /* SymptomTableViewController.swift in Sources */ = {isa = PBXBuildFile; fileRef = 1AF0922F1B6DA043004431FA /* SymptomTableViewController.swift */; };
		1AF57E0B1B6D53A30079E547 /* AppDelegate.swift in Sources */ = {isa = PBXBuildFile; fileRef = 1AF57E0A1B6D53A30079E547 /* AppDelegate.swift */; };
		1AF57E101B6D53A30079E547 /* Main.storyboard in Resources */ = {isa = PBXBuildFile; fileRef = 1AF57E0E1B6D53A30079E547 /* Main.storyboard */; };
		1AF57E121B6D53A30079E547 /* Images.xcassets in Resources */ = {isa = PBXBuildFile; fileRef = 1AF57E111B6D53A30079E547 /* Images.xcassets */; };
		1AF57E151B6D53A30079E547 /* LaunchScreen.xib in Resources */ = {isa = PBXBuildFile; fileRef = 1AF57E131B6D53A30079E547 /* LaunchScreen.xib */; };
		1AF57E211B6D53A30079E547 /* SymptomsGraphTests.swift in Sources */ = {isa = PBXBuildFile; fileRef = 1AF57E201B6D53A30079E547 /* SymptomsGraphTests.swift */; };
/* End PBXBuildFile section */

/* Begin PBXContainerItemProxy section */
		1AF57E1B1B6D53A30079E547 /* PBXContainerItemProxy */ = {
			isa = PBXContainerItemProxy;
			containerPortal = 1AF57DFD1B6D53A30079E547 /* Project object */;
			proxyType = 1;
			remoteGlobalIDString = 1AF57E041B6D53A30079E547;
			remoteInfo = SymptomsGraph;
		};
/* End PBXContainerItemProxy section */

/* Begin PBXFileReference section */
		00C4EBFF30397D355DEC9C25 /* Pods.framework */ = {isa = PBXFileReference; explicitFileType = wrapper.framework; includeInIndex = 0; path = Pods.framework; sourceTree = BUILT_PRODUCTS_DIR; };
		1A63AD271B6D672900B76C84 /* graphsymptoms.json */ = {isa = PBXFileReference; fileEncoding = 4; lastKnownFileType = text.json; path = graphsymptoms.json; sourceTree = "<group>"; };
		1A84AB831B6ED8A8000861A5 /* graphsymptoms2.json */ = {isa = PBXFileReference; fileEncoding = 4; lastKnownFileType = text.json; path = graphsymptoms2.json; sourceTree = "<group>"; };
		1AF0922F1B6DA043004431FA /* SymptomTableViewController.swift */ = {isa = PBXFileReference; fileEncoding = 4; lastKnownFileType = sourcecode.swift; path = SymptomTableViewController.swift; sourceTree = "<group>"; };
		1AF57E051B6D53A30079E547 /* SymptomsGraph.app */ = {isa = PBXFileReference; explicitFileType = wrapper.application; includeInIndex = 0; path = SymptomsGraph.app; sourceTree = BUILT_PRODUCTS_DIR; };
		1AF57E091B6D53A30079E547 /* Info.plist */ = {isa = PBXFileReference; lastKnownFileType = text.plist.xml; path = Info.plist; sourceTree = "<group>"; };
		1AF57E0A1B6D53A30079E547 /* AppDelegate.swift */ = {isa = PBXFileReference; lastKnownFileType = sourcecode.swift; path = AppDelegate.swift; sourceTree = "<group>"; };
		1AF57E0F1B6D53A30079E547 /* Base */ = {isa = PBXFileReference; lastKnownFileType = file.storyboard; name = Base; path = Base.lproj/Main.storyboard; sourceTree = "<group>"; };
		1AF57E111B6D53A30079E547 /* Images.xcassets */ = {isa = PBXFileReference; lastKnownFileType = folder.assetcatalog; path = Images.xcassets; sourceTree = "<group>"; };
		1AF57E141B6D53A30079E547 /* Base */ = {isa = PBXFileReference; lastKnownFileType = file.xib; name = Base; path = Base.lproj/LaunchScreen.xib; sourceTree = "<group>"; };
		1AF57E1A1B6D53A30079E547 /* SymptomsGraphTests.xctest */ = {isa = PBXFileReference; explicitFileType = wrapper.cfbundle; includeInIndex = 0; path = SymptomsGraphTests.xctest; sourceTree = BUILT_PRODUCTS_DIR; };
		1AF57E1F1B6D53A30079E547 /* Info.plist */ = {isa = PBXFileReference; lastKnownFileType = text.plist.xml; path = Info.plist; sourceTree = "<group>"; };
		1AF57E201B6D53A30079E547 /* SymptomsGraphTests.swift */ = {isa = PBXFileReference; lastKnownFileType = sourcecode.swift; path = SymptomsGraphTests.swift; sourceTree = "<group>"; };
		991AAF289DD411D700BB2622 /* Pods.release.xcconfig */ = {isa = PBXFileReference; includeInIndex = 1; lastKnownFileType = text.xcconfig; name = Pods.release.xcconfig; path = "Pods/Target Support Files/Pods/Pods.release.xcconfig"; sourceTree = "<group>"; };
		E624F16A905E417E7A909DAE /* Pods.debug.xcconfig */ = {isa = PBXFileReference; includeInIndex = 1; lastKnownFileType = text.xcconfig; name = Pods.debug.xcconfig; path = "Pods/Target Support Files/Pods/Pods.debug.xcconfig"; sourceTree = "<group>"; };
/* End PBXFileReference section */

/* Begin PBXFrameworksBuildPhase section */
		1AF57E021B6D53A30079E547 /* Frameworks */ = {
			isa = PBXFrameworksBuildPhase;
			buildActionMask = 2147483647;
			files = (
				13E3C6067E67879384DE6848 /* Pods.framework in Frameworks */,
			);
			runOnlyForDeploymentPostprocessing = 0;
		};
		1AF57E171B6D53A30079E547 /* Frameworks */ = {
			isa = PBXFrameworksBuildPhase;
			buildActionMask = 2147483647;
			files = (
			);
			runOnlyForDeploymentPostprocessing = 0;
		};
/* End PBXFrameworksBuildPhase section */

/* Begin PBXGroup section */
		02DB456F3CC7342D0B1E65D0 /* Pods */ = {
			isa = PBXGroup;
			children = (
				E624F16A905E417E7A909DAE /* Pods.debug.xcconfig */,
				991AAF289DD411D700BB2622 /* Pods.release.xcconfig */,
			);
			name = Pods;
			sourceTree = "<group>";
		};
		1AF57DFC1B6D53A30079E547 = {
			isa = PBXGroup;
			children = (
				1AF57E071B6D53A30079E547 /* SymptomsGraph */,
				1AF57E1D1B6D53A30079E547 /* SymptomsGraphTests */,
				1AF57E061B6D53A30079E547 /* Products */,
				02DB456F3CC7342D0B1E65D0 /* Pods */,
				FAA66005971238F06CB0A62C /* Frameworks */,
			);
			sourceTree = "<group>";
		};
		1AF57E061B6D53A30079E547 /* Products */ = {
			isa = PBXGroup;
			children = (
				1AF57E051B6D53A30079E547 /* SymptomsGraph.app */,
				1AF57E1A1B6D53A30079E547 /* SymptomsGraphTests.xctest */,
			);
			name = Products;
			sourceTree = "<group>";
		};
		1AF57E071B6D53A30079E547 /* SymptomsGraph */ = {
			isa = PBXGroup;
			children = (
				1AF57E0A1B6D53A30079E547 /* AppDelegate.swift */,
				1AF0922F1B6DA043004431FA /* SymptomTableViewController.swift */,
				1AF57E0E1B6D53A30079E547 /* Main.storyboard */,
				1AF57E111B6D53A30079E547 /* Images.xcassets */,
				1AF57E131B6D53A30079E547 /* LaunchScreen.xib */,
				1AF57E081B6D53A30079E547 /* Supporting Files */,
			);
			path = SymptomsGraph;
			sourceTree = "<group>";
		};
		1AF57E081B6D53A30079E547 /* Supporting Files */ = {
			isa = PBXGroup;
			children = (
				1A84AB831B6ED8A8000861A5 /* graphsymptoms2.json */,
				1A63AD271B6D672900B76C84 /* graphsymptoms.json */,
				1AF57E091B6D53A30079E547 /* Info.plist */,
			);
			name = "Supporting Files";
			sourceTree = "<group>";
		};
		1AF57E1D1B6D53A30079E547 /* SymptomsGraphTests */ = {
			isa = PBXGroup;
			children = (
				1AF57E201B6D53A30079E547 /* SymptomsGraphTests.swift */,
				1AF57E1E1B6D53A30079E547 /* Supporting Files */,
			);
			path = SymptomsGraphTests;
			sourceTree = "<group>";
		};
		1AF57E1E1B6D53A30079E547 /* Supporting Files */ = {
			isa = PBXGroup;
			children = (
				1AF57E1F1B6D53A30079E547 /* Info.plist */,
			);
			name = "Supporting Files";
			sourceTree = "<group>";
		};
		FAA66005971238F06CB0A62C /* Frameworks */ = {
			isa = PBXGroup;
			children = (
				00C4EBFF30397D355DEC9C25 /* Pods.framework */,
			);
			name = Frameworks;
			sourceTree = "<group>";
		};
/* End PBXGroup section */

/* Begin PBXNativeTarget section */
		1AF57E041B6D53A30079E547 /* SymptomsGraph */ = {
			isa = PBXNativeTarget;
			buildConfigurationList = 1AF57E241B6D53A30079E547 /* Build configuration list for PBXNativeTarget "SymptomsGraph" */;
			buildPhases = (
				C469E3F60D3068CF6BFA821B /* Check Pods Manifest.lock */,
				1AF57E011B6D53A30079E547 /* Sources */,
				1AF57E021B6D53A30079E547 /* Frameworks */,
				1AF57E031B6D53A30079E547 /* Resources */,
				722250B51FADDF4077FDC6EB /* Embed Pods Frameworks */,
				35B5FD913D2F233E36D1EF1E /* Copy Pods Resources */,
			);
			buildRules = (
			);
			dependencies = (
			);
			name = SymptomsGraph;
			productName = SymptomsGraph;
			productReference = 1AF57E051B6D53A30079E547 /* SymptomsGraph.app */;
			productType = "com.apple.product-type.application";
		};
		1AF57E191B6D53A30079E547 /* SymptomsGraphTests */ = {
			isa = PBXNativeTarget;
			buildConfigurationList = 1AF57E271B6D53A30079E547 /* Build configuration list for PBXNativeTarget "SymptomsGraphTests" */;
			buildPhases = (
				1AF57E161B6D53A30079E547 /* Sources */,
				1AF57E171B6D53A30079E547 /* Frameworks */,
				1AF57E181B6D53A30079E547 /* Resources */,
			);
			buildRules = (
			);
			dependencies = (
				1AF57E1C1B6D53A30079E547 /* PBXTargetDependency */,
			);
			name = SymptomsGraphTests;
			productName = SymptomsGraphTests;
			productReference = 1AF57E1A1B6D53A30079E547 /* SymptomsGraphTests.xctest */;
			productType = "com.apple.product-type.bundle.unit-test";
		};
/* End PBXNativeTarget section */

/* Begin PBXProject section */
		1AF57DFD1B6D53A30079E547 /* Project object */ = {
			isa = PBXProject;
			attributes = {
				LastUpgradeCheck = 0640;
				ORGANIZATIONNAME = James;
				TargetAttributes = {
					1AF57E041B6D53A30079E547 = {
						CreatedOnToolsVersion = 6.4;
					};
					1AF57E191B6D53A30079E547 = {
						CreatedOnToolsVersion = 6.4;
						TestTargetID = 1AF57E041B6D53A30079E547;
					};
				};
			};
			buildConfigurationList = 1AF57E001B6D53A30079E547 /* Build configuration list for PBXProject "SymptomsGraph" */;
			compatibilityVersion = "Xcode 3.2";
			developmentRegion = English;
			hasScannedForEncodings = 0;
			knownRegions = (
				en,
				Base,
			);
			mainGroup = 1AF57DFC1B6D53A30079E547;
			productRefGroup = 1AF57E061B6D53A30079E547 /* Products */;
			projectDirPath = "";
			projectRoot = "";
			targets = (
				1AF57E041B6D53A30079E547 /* SymptomsGraph */,
				1AF57E191B6D53A30079E547 /* SymptomsGraphTests */,
			);
		};
/* End PBXProject section */

/* Begin PBXResourcesBuildPhase section */
		1AF57E031B6D53A30079E547 /* Resources */ = {
			isa = PBXResourcesBuildPhase;
			buildActionMask = 2147483647;
			files = (
				1A63AD281B6D672900B76C84 /* graphsymptoms.json in Resources */,
				1AF57E101B6D53A30079E547 /* Main.storyboard in Resources */,
				1AF57E151B6D53A30079E547 /* LaunchScreen.xib in Resources */,
				1A84AB841B6ED8A8000861A5 /* graphsymptoms2.json in Resources */,
				1AF57E121B6D53A30079E547 /* Images.xcassets in Resources */,
			);
			runOnlyForDeploymentPostprocessing = 0;
		};
		1AF57E181B6D53A30079E547 /* Resources */ = {
			isa = PBXResourcesBuildPhase;
			buildActionMask = 2147483647;
			files = (
			);
			runOnlyForDeploymentPostprocessing = 0;
		};
/* End PBXResourcesBuildPhase section */

/* Begin PBXShellScriptBuildPhase section */
		35B5FD913D2F233E36D1EF1E /* Copy Pods Resources */ = {
			isa = PBXShellScriptBuildPhase;
			buildActionMask = 2147483647;
			files = (
			);
			inputPaths = (
			);
			name = "Copy Pods Resources";
			outputPaths = (
			);
			runOnlyForDeploymentPostprocessing = 0;
			shellPath = /bin/sh;
			shellScript = "\"${SRCROOT}/Pods/Target Support Files/Pods/Pods-resources.sh\"\n";
			showEnvVarsInLog = 0;
		};
		722250B51FADDF4077FDC6EB /* Embed Pods Frameworks */ = {
			isa = PBXShellScriptBuildPhase;
			buildActionMask = 2147483647;
			files = (
			);
			inputPaths = (
			);
			name = "Embed Pods Frameworks";
			outputPaths = (
			);
			runOnlyForDeploymentPostprocessing = 0;
			shellPath = /bin/sh;
			shellScript = "\"${SRCROOT}/Pods/Target Support Files/Pods/Pods-frameworks.sh\"\n";
			showEnvVarsInLog = 0;
		};
		C469E3F60D3068CF6BFA821B /* Check Pods Manifest.lock */ = {
			isa = PBXShellScriptBuildPhase;
			buildActionMask = 2147483647;
			files = (
			);
			inputPaths = (
			);
			name = "Check Pods Manifest.lock";
			outputPaths = (
			);
			runOnlyForDeploymentPostprocessing = 0;
			shellPath = /bin/sh;
			shellScript = "diff \"${PODS_ROOT}/../Podfile.lock\" \"${PODS_ROOT}/Manifest.lock\" > /dev/null\nif [[ $? != 0 ]] ; then\n    cat << EOM\nerror: The sandbox is not in sync with the Podfile.lock. Run 'pod install' or update your CocoaPods installation.\nEOM\n    exit 1\nfi\n";
			showEnvVarsInLog = 0;
		};
/* End PBXShellScriptBuildPhase section */

/* Begin PBXSourcesBuildPhase section */
		1AF57E011B6D53A30079E547 /* Sources */ = {
			isa = PBXSourcesBuildPhase;
			buildActionMask = 2147483647;
			files = (
				1AF092301B6DA043004431FA /* SymptomTableViewController.swift in Sources */,
				1AF57E0B1B6D53A30079E547 /* AppDelegate.swift in Sources */,
			);
			runOnlyForDeploymentPostprocessing = 0;
		};
		1AF57E161B6D53A30079E547 /* Sources */ = {
			isa = PBXSourcesBuildPhase;
			buildActionMask = 2147483647;
			files = (
				1AF57E211B6D53A30079E547 /* SymptomsGraphTests.swift in Sources */,
			);
			runOnlyForDeploymentPostprocessing = 0;
		};
/* End PBXSourcesBuildPhase section */

/* Begin PBXTargetDependency section */
		1AF57E1C1B6D53A30079E547 /* PBXTargetDependency */ = {
			isa = PBXTargetDependency;
			target = 1AF57E041B6D53A30079E547 /* SymptomsGraph */;
			targetProxy = 1AF57E1B1B6D53A30079E547 /* PBXContainerItemProxy */;
		};
/* End PBXTargetDependency section */

/* Begin PBXVariantGroup section */
		1AF57E0E1B6D53A30079E547 /* Main.storyboard */ = {
			isa = PBXVariantGroup;
			children = (
				1AF57E0F1B6D53A30079E547 /* Base */,
			);
			name = Main.storyboard;
			sourceTree = "<group>";
		};
		1AF57E131B6D53A30079E547 /* LaunchScreen.xib */ = {
			isa = PBXVariantGroup;
			children = (
				1AF57E141B6D53A30079E547 /* Base */,
			);
			name = LaunchScreen.xib;
			sourceTree = "<group>";
		};
/* End PBXVariantGroup section */

/* Begin XCBuildConfiguration section */
		1AF57E221B6D53A30079E547 /* Debug */ = {
			isa = XCBuildConfiguration;
			buildSettings = {
				ALWAYS_SEARCH_USER_PATHS = NO;
				CLANG_CXX_LANGUAGE_STANDARD = "gnu++0x";
				CLANG_CXX_LIBRARY = "libc++";
				CLANG_ENABLE_MODULES = YES;
				CLANG_ENABLE_OBJC_ARC = YES;
				CLANG_WARN_BOOL_CONVERSION = YES;
				CLANG_WARN_CONSTANT_CONVERSION = YES;
				CLANG_WARN_DIRECT_OBJC_ISA_USAGE = YES_ERROR;
				CLANG_WARN_EMPTY_BODY = YES;
				CLANG_WARN_ENUM_CONVERSION = YES;
				CLANG_WARN_INT_CONVERSION = YES;
				CLANG_WARN_OBJC_ROOT_CLASS = YES_ERROR;
				CLANG_WARN_UNREACHABLE_CODE = YES;
				CLANG_WARN__DUPLICATE_METHOD_MATCH = YES;
				"CODE_SIGN_IDENTITY[sdk=iphoneos*]" = "iPhone Developer";
				COPY_PHASE_STRIP = NO;
				DEBUG_INFORMATION_FORMAT = "dwarf-with-dsym";
				ENABLE_STRICT_OBJC_MSGSEND = YES;
				GCC_C_LANGUAGE_STANDARD = gnu99;
				GCC_DYNAMIC_NO_PIC = NO;
				GCC_NO_COMMON_BLOCKS = YES;
				GCC_OPTIMIZATION_LEVEL = 0;
				GCC_PREPROCESSOR_DEFINITIONS = (
					"DEBUG=1",
					"$(inherited)",
				);
				GCC_SYMBOLS_PRIVATE_EXTERN = NO;
				GCC_WARN_64_TO_32_BIT_CONVERSION = YES;
				GCC_WARN_ABOUT_RETURN_TYPE = YES_ERROR;
				GCC_WARN_UNDECLARED_SELECTOR = YES;
				GCC_WARN_UNINITIALIZED_AUTOS = YES_AGGRESSIVE;
				GCC_WARN_UNUSED_FUNCTION = YES;
				GCC_WARN_UNUSED_VARIABLE = YES;
				IPHONEOS_DEPLOYMENT_TARGET = 8.4;
				MTL_ENABLE_DEBUG_INFO = YES;
				ONLY_ACTIVE_ARCH = YES;
				SDKROOT = iphoneos;
				SWIFT_OPTIMIZATION_LEVEL = "-Onone";
			};
			name = Debug;
		};
		1AF57E231B6D53A30079E547 /* Release */ = {
			isa = XCBuildConfiguration;
			buildSettings = {
				ALWAYS_SEARCH_USER_PATHS = NO;
				CLANG_CXX_LANGUAGE_STANDARD = "gnu++0x";
				CLANG_CXX_LIBRARY = "libc++";
				CLANG_ENABLE_MODULES = YES;
				CLANG_ENABLE_OBJC_ARC = YES;
				CLANG_WARN_BOOL_CONVERSION = YES;
				CLANG_WARN_CONSTANT_CONVERSION = YES;
				CLANG_WARN_DIRECT_OBJC_ISA_USAGE = YES_ERROR;
				CLANG_WARN_EMPTY_BODY = YES;
				CLANG_WARN_ENUM_CONVERSION = YES;
				CLANG_WARN_INT_CONVERSION = YES;
				CLANG_WARN_OBJC_ROOT_CLASS = YES_ERROR;
				CLANG_WARN_UNREACHABLE_CODE = YES;
				CLANG_WARN__DUPLICATE_METHOD_MATCH = YES;
				"CODE_SIGN_IDENTITY[sdk=iphoneos*]" = "iPhone Developer";
				COPY_PHASE_STRIP = NO;
				DEBUG_INFORMATION_FORMAT = "dwarf-with-dsym";
				ENABLE_NS_ASSERTIONS = NO;
				ENABLE_STRICT_OBJC_MSGSEND = YES;
				GCC_C_LANGUAGE_STANDARD = gnu99;
				GCC_NO_COMMON_BLOCKS = YES;
				GCC_WARN_64_TO_32_BIT_CONVERSION = YES;
				GCC_WARN_ABOUT_RETURN_TYPE = YES_ERROR;
				GCC_WARN_UNDECLARED_SELECTOR = YES;
				GCC_WARN_UNINITIALIZED_AUTOS = YES_AGGRESSIVE;
				GCC_WARN_UNUSED_FUNCTION = YES;
				GCC_WARN_UNUSED_VARIABLE = YES;
				IPHONEOS_DEPLOYMENT_TARGET = 8.4;
				MTL_ENABLE_DEBUG_INFO = NO;
				SDKROOT = iphoneos;
				VALIDATE_PRODUCT = YES;
			};
			name = Release;
		};
		1AF57E251B6D53A30079E547 /* Debug */ = {
			isa = XCBuildConfiguration;
			baseConfigurationReference = E624F16A905E417E7A909DAE /* Pods.debug.xcconfig */;
			buildSettings = {
				ASSETCATALOG_COMPILER_APPICON_NAME = AppIcon;
				INFOPLIST_FILE = SymptomsGraph/Info.plist;
				IPHONEOS_DEPLOYMENT_TARGET = 8.0;
				LD_RUNPATH_SEARCH_PATHS = "$(inherited) @executable_path/Frameworks";
				PRODUCT_NAME = "$(TARGET_NAME)";
			};
			name = Debug;
		};
		1AF57E261B6D53A30079E547 /* Release */ = {
			isa = XCBuildConfiguration;
			baseConfigurationReference = 991AAF289DD411D700BB2622 /* Pods.release.xcconfig */;
			buildSettings = {
				ASSETCATALOG_COMPILER_APPICON_NAME = AppIcon;
				INFOPLIST_FILE = SymptomsGraph/Info.plist;
				IPHONEOS_DEPLOYMENT_TARGET = 8.0;
				LD_RUNPATH_SEARCH_PATHS = "$(inherited) @executable_path/Frameworks";
				PRODUCT_NAME = "$(TARGET_NAME)";
			};
			name = Release;
		};
		1AF57E281B6D53A30079E547 /* Debug */ = {
			isa = XCBuildConfiguration;
			buildSettings = {
				BUNDLE_LOADER = "$(TEST_HOST)";
				FRAMEWORK_SEARCH_PATHS = (
					"$(SDKROOT)/Developer/Library/Frameworks",
					"$(inherited)",
				);
				GCC_PREPROCESSOR_DEFINITIONS = (
					"DEBUG=1",
					"$(inherited)",
				);
				INFOPLIST_FILE = SymptomsGraphTests/Info.plist;
				LD_RUNPATH_SEARCH_PATHS = "$(inherited) @executable_path/Frameworks @loader_path/Frameworks";
				PRODUCT_NAME = "$(TARGET_NAME)";
				TEST_HOST = "$(BUILT_PRODUCTS_DIR)/SymptomsGraph.app/SymptomsGraph";
			};
			name = Debug;
		};
		1AF57E291B6D53A30079E547 /* Release */ = {
			isa = XCBuildConfiguration;
			buildSettings = {
				BUNDLE_LOADER = "$(TEST_HOST)";
				FRAMEWORK_SEARCH_PATHS = (
					"$(SDKROOT)/Developer/Library/Frameworks",
					"$(inherited)",
				);
				INFOPLIST_FILE = SymptomsGraphTests/Info.plist;
				LD_RUNPATH_SEARCH_PATHS = "$(inherited) @executable_path/Frameworks @loader_path/Frameworks";
				PRODUCT_NAME = "$(TARGET_NAME)";
				TEST_HOST = "$(BUILT_PRODUCTS_DIR)/SymptomsGraph.app/SymptomsGraph";
			};
			name = Release;
		};
/* End XCBuildConfiguration section */

/* Begin XCConfigurationList section */
		1AF57E001B6D53A30079E547 /* Build configuration list for PBXProject "SymptomsGraph" */ = {
			isa = XCConfigurationList;
			buildConfigurations = (
				1AF57E221B6D53A30079E547 /* Debug */,
				1AF57E231B6D53A30079E547 /* Release */,
			);
			defaultConfigurationIsVisible = 0;
			defaultConfigurationName = Release;
		};
		1AF57E241B6D53A30079E547 /* Build configuration list for PBXNativeTarget "SymptomsGraph" */ = {
			isa = XCConfigurationList;
			buildConfigurations = (
				1AF57E251B6D53A30079E547 /* Debug */,
				1AF57E261B6D53A30079E547 /* Release */,
			);
			defaultConfigurationIsVisible = 0;
			defaultConfigurationName = Release;
		};
		1AF57E271B6D53A30079E547 /* Build configuration list for PBXNativeTarget "SymptomsGraphTests" */ = {
			isa = XCConfigurationList;
			buildConfigurations = (
				1AF57E281B6D53A30079E547 /* Debug */,
				1AF57E291B6D53A30079E547 /* Release */,
			);
			defaultConfigurationIsVisible = 0;
			defaultConfigurationName = Release;
		};
/* End XCConfigurationList section */
	};
	rootObject = 1AF57DFD1B6D53A30079E547 /* Project object */;
}
